
Microsoft Visual Studio Solution File, Format Version 12.00
# Visual Studio Version 16
VisualStudioVersion = 16.0.31129.286
MinimumVisualStudioVersion = 10.0.40219.1
Project("{FAE04EC0-301F-11D3-BF4B-00C04F79EFBC}") = "Catalog.API", "Catalog.API.csproj", "{DD25F745-0CC0-46A2-AEA8-D6019E5353E5}"
EndProject
Global
	GlobalSection(SolutionConfigurationPlatforms) = preSolution
		Debug|Any CPU = Debug|Any CPU
		Release|Any CPU = Release|Any CPU
	EndGlobalSection
	GlobalSection(ProjectConfigurationPlatforms) = postSolution
		{DD25F745-0CC0-46A2-AEA8-D6019E5353E5}.Debug|Any CPU.ActiveCfg = Debug|Any CPU
		{DD25F745-0CC0-46A2-AEA8-D6019E5353E5}.Debug|Any CPU.Build.0 = Debug|Any CPU
		{DD25F745-0CC0-46A2-AEA8-D6019E5353E5}.Release|Any CPU.ActiveCfg = Release|Any CPU
		{DD25F745-0CC0-46A2-AEA8-D6019E5353E5}.Release|Any CPU.Build.0 = Release|Any CPU
	EndGlobalSection
	GlobalSection(SolutionProperties) = preSolution
		HideSolutionNode = FALSE
	EndGlobalSection
	GlobalSection(ExtensibilityGlobals) = postSolution
		SolutionGuid = {D1751DF1-4C40-41E3-83BA-3EABD9D145B6}
	EndGlobalSection
EndGlobal
